{
  "name": "plotlyjs-practice",
  "lockfileVersion": 3,
  "requires": true,
  "packages": {
    "": {
      "dependencies": {
        "plotly.js-dist": "^2.23.0"
      }
    },
    "node_modules/plotly.js-dist": {
      "version": "2.23.0",
      "resolved": "https://registry.npmjs.org/plotly.js-dist/-/plotly.js-dist-2.23.0.tgz",
      "integrity": "sha512-zzjLw62xRGGPEbmjL+j+W4NQpyl3W4e0X4olzFkHntkWba2kOINWkyjPaIiFmQX2DJVCV9+D/MHJ2SgQjzkySw=="
    }
  }
}
